
Microsoft Visual Studio Solution File, Format Version 12.00
# Visual Studio Version 16
VisualStudioVersion = 25.0.1706.10
MinimumVisualStudioVersion = 10.0.40219.1
Project("{FAE04EC0-301F-11D3-BF4B-00C04F79EFBC}") = "Articium.Gateway", "src\Articium.Gateway\Articium.Gateway.csproj", "{4AA35F1C-14E7-4A11-B545-91876CCE2C10}"
EndProject
Project("{FAE04EC0-301F-11D3-BF4B-00C04F79EFBC}") = "Articium.DbConnector", "src\Articium.DbConnector\Articium.DbConnector.csproj", "{AFA94E58-B99D-4DB1-8C0D-672A9C19B455}"
EndProject
Project("{FAE04EC0-301F-11D3-BF4B-00C04F79EFBC}") = "Articium.Services", "src\Articium.Services\Articium.Services.csproj", "{B26B3743-7A8C-4648-995E-F52804F749C7}"
EndProject
Project("{2150E333-8FDC-42A3-9474-1A3956D46DE8}") = "src", "src", "{0C8464B1-CBA2-4724-A28C-84D392981BB9}"
	ProjectSection(SolutionItems) = preProject
		src\gateway-dockerfile = src\gateway-dockerfile
		src\review-api-dockerfile = src\review-api-dockerfile
		src\user-api-dockerfile = src\user-api-dockerfile
		src\article-api-dockerfile = src\article-api-dockerfile
		src\varnish-dockerfile = src\varnish-dockerfile
	EndProjectSection
EndProject
Project("{2150E333-8FDC-42A3-9474-1A3956D46DE8}") = "docs", "docs", "{15612191-6CEC-420A-B35A-C1914FADB815}"
	ProjectSection(SolutionItems) = preProject
		docs\default.vcl = docs\default.vcl
		docs\articium.sql = docs\articium.sql
	EndProjectSection
EndProject
Project("{FAE04EC0-301F-11D3-BF4B-00C04F79EFBC}") = "Articium.Utils", "src\Articium.Utils\Articium.Utils.csproj", "{2FA3473D-5032-4305-BC19-BBC800BF892F}"
EndProject
Project("{2150E333-8FDC-42A3-9474-1A3956D46DE8}") = "test", "test", "{6299E610-E662-43B3-9119-0B7A664243B7}"
EndProject
Project("{FAE04EC0-301F-11D3-BF4B-00C04F79EFBC}") = "Articium.Services.Tests", "test\Articium.Services.Tests\Articium.Services.Tests.csproj", "{2FE30AD1-78BF-422A-9375-5B15D42F2273}"
EndProject
Project("{FAE04EC0-301F-11D3-BF4B-00C04F79EFBC}") = "Articium.Review.Api", "src\Articium.Review.Api\Articium.Review.Api.csproj", "{D17001DD-06FF-4627-B28D-10398E10A27B}"
EndProject
Project("{FAE04EC0-301F-11D3-BF4B-00C04F79EFBC}") = "Articium.Clients", "src\Articium.Clients\Articium.Clients.csproj", "{B1B3CC16-40A8-414B-BECB-616EC476D911}"
EndProject
Project("{FAE04EC0-301F-11D3-BF4B-00C04F79EFBC}") = "Articium.EventServices", "src\Articium.EventServices\Articium.EventServices.csproj", "{8354BEC0-0415-4616-B39A-6B6D7232E2A5}"
EndProject
Project("{FAE04EC0-301F-11D3-BF4B-00C04F79EFBC}") = "Articium.User.Api", "src\Articium.User.Api\Articium.User.Api.csproj", "{7D02E9B1-1B6A-4C28-AEE4-EE17E24302D0}"
EndProject
Project("{FAE04EC0-301F-11D3-BF4B-00C04F79EFBC}") = "Articium.Article.Api", "src\Articium.Article.Api\Articium.Article.Api.csproj", "{678C9322-C8D5-44CF-8079-FB322CA749FA}"
EndProject
Global
	GlobalSection(SolutionConfigurationPlatforms) = preSolution
		Debug|Any CPU = Debug|Any CPU
		Release|Any CPU = Release|Any CPU
	EndGlobalSection
	GlobalSection(ProjectConfigurationPlatforms) = postSolution
		{4AA35F1C-14E7-4A11-B545-91876CCE2C10}.Debug|Any CPU.ActiveCfg = Debug|Any CPU
		{4AA35F1C-14E7-4A11-B545-91876CCE2C10}.Debug|Any CPU.Build.0 = Debug|Any CPU
		{4AA35F1C-14E7-4A11-B545-91876CCE2C10}.Release|Any CPU.ActiveCfg = Release|Any CPU
		{4AA35F1C-14E7-4A11-B545-91876CCE2C10}.Release|Any CPU.Build.0 = Release|Any CPU
		{AFA94E58-B99D-4DB1-8C0D-672A9C19B455}.Debug|Any CPU.ActiveCfg = Debug|Any CPU
		{AFA94E58-B99D-4DB1-8C0D-672A9C19B455}.Debug|Any CPU.Build.0 = Debug|Any CPU
		{AFA94E58-B99D-4DB1-8C0D-672A9C19B455}.Release|Any CPU.ActiveCfg = Release|Any CPU
		{AFA94E58-B99D-4DB1-8C0D-672A9C19B455}.Release|Any CPU.Build.0 = Release|Any CPU
		{B26B3743-7A8C-4648-995E-F52804F749C7}.Debug|Any CPU.ActiveCfg = Debug|Any CPU
		{B26B3743-7A8C-4648-995E-F52804F749C7}.Debug|Any CPU.Build.0 = Debug|Any CPU
		{B26B3743-7A8C-4648-995E-F52804F749C7}.Release|Any CPU.ActiveCfg = Release|Any CPU
		{B26B3743-7A8C-4648-995E-F52804F749C7}.Release|Any CPU.Build.0 = Release|Any CPU
		{2FA3473D-5032-4305-BC19-BBC800BF892F}.Debug|Any CPU.ActiveCfg = Debug|Any CPU
		{2FA3473D-5032-4305-BC19-BBC800BF892F}.Debug|Any CPU.Build.0 = Debug|Any CPU
		{2FA3473D-5032-4305-BC19-BBC800BF892F}.Release|Any CPU.ActiveCfg = Release|Any CPU
		{2FA3473D-5032-4305-BC19-BBC800BF892F}.Release|Any CPU.Build.0 = Release|Any CPU
		{2FE30AD1-78BF-422A-9375-5B15D42F2273}.Debug|Any CPU.ActiveCfg = Debug|Any CPU
		{2FE30AD1-78BF-422A-9375-5B15D42F2273}.Debug|Any CPU.Build.0 = Debug|Any CPU
		{2FE30AD1-78BF-422A-9375-5B15D42F2273}.Release|Any CPU.ActiveCfg = Release|Any CPU
		{2FE30AD1-78BF-422A-9375-5B15D42F2273}.Release|Any CPU.Build.0 = Release|Any CPU
		{D17001DD-06FF-4627-B28D-10398E10A27B}.Debug|Any CPU.ActiveCfg = Debug|Any CPU
		{D17001DD-06FF-4627-B28D-10398E10A27B}.Debug|Any CPU.Build.0 = Debug|Any CPU
		{D17001DD-06FF-4627-B28D-10398E10A27B}.Release|Any CPU.ActiveCfg = Release|Any CPU
		{D17001DD-06FF-4627-B28D-10398E10A27B}.Release|Any CPU.Build.0 = Release|Any CPU
		{B1B3CC16-40A8-414B-BECB-616EC476D911}.Debug|Any CPU.ActiveCfg = Debug|Any CPU
		{B1B3CC16-40A8-414B-BECB-616EC476D911}.Debug|Any CPU.Build.0 = Debug|Any CPU
		{B1B3CC16-40A8-414B-BECB-616EC476D911}.Release|Any CPU.ActiveCfg = Release|Any CPU
		{B1B3CC16-40A8-414B-BECB-616EC476D911}.Release|Any CPU.Build.0 = Release|Any CPU
		{8354BEC0-0415-4616-B39A-6B6D7232E2A5}.Debug|Any CPU.ActiveCfg = Debug|Any CPU
		{8354BEC0-0415-4616-B39A-6B6D7232E2A5}.Debug|Any CPU.Build.0 = Debug|Any CPU
		{8354BEC0-0415-4616-B39A-6B6D7232E2A5}.Release|Any CPU.ActiveCfg = Release|Any CPU
		{8354BEC0-0415-4616-B39A-6B6D7232E2A5}.Release|Any CPU.Build.0 = Release|Any CPU
		{7D02E9B1-1B6A-4C28-AEE4-EE17E24302D0}.Debug|Any CPU.ActiveCfg = Debug|Any CPU
		{7D02E9B1-1B6A-4C28-AEE4-EE17E24302D0}.Debug|Any CPU.Build.0 = Debug|Any CPU
		{7D02E9B1-1B6A-4C28-AEE4-EE17E24302D0}.Release|Any CPU.ActiveCfg = Release|Any CPU
		{7D02E9B1-1B6A-4C28-AEE4-EE17E24302D0}.Release|Any CPU.Build.0 = Release|Any CPU
		{678C9322-C8D5-44CF-8079-FB322CA749FA}.Debug|Any CPU.ActiveCfg = Debug|Any CPU
		{678C9322-C8D5-44CF-8079-FB322CA749FA}.Debug|Any CPU.Build.0 = Debug|Any CPU
		{678C9322-C8D5-44CF-8079-FB322CA749FA}.Release|Any CPU.ActiveCfg = Release|Any CPU
		{678C9322-C8D5-44CF-8079-FB322CA749FA}.Release|Any CPU.Build.0 = Release|Any CPU
	EndGlobalSection
	GlobalSection(SolutionProperties) = preSolution
		HideSolutionNode = FALSE
	EndGlobalSection
	GlobalSection(ExtensibilityGlobals) = postSolution
		SolutionGuid = {9CC33F40-C0C2-4448-B450-9CA42A484D32}
	EndGlobalSection
	GlobalSection(NestedProjects) = preSolution
		{AFA94E58-B99D-4DB1-8C0D-672A9C19B455} = {0C8464B1-CBA2-4724-A28C-84D392981BB9}
		{4AA35F1C-14E7-4A11-B545-91876CCE2C10} = {0C8464B1-CBA2-4724-A28C-84D392981BB9}
		{B26B3743-7A8C-4648-995E-F52804F749C7} = {0C8464B1-CBA2-4724-A28C-84D392981BB9}
		{2FA3473D-5032-4305-BC19-BBC800BF892F} = {0C8464B1-CBA2-4724-A28C-84D392981BB9}
		{2FE30AD1-78BF-422A-9375-5B15D42F2273} = {6299E610-E662-43B3-9119-0B7A664243B7}
		{D17001DD-06FF-4627-B28D-10398E10A27B} = {0C8464B1-CBA2-4724-A28C-84D392981BB9}
		{B1B3CC16-40A8-414B-BECB-616EC476D911} = {0C8464B1-CBA2-4724-A28C-84D392981BB9}
		{8354BEC0-0415-4616-B39A-6B6D7232E2A5} = {0C8464B1-CBA2-4724-A28C-84D392981BB9}
		{7D02E9B1-1B6A-4C28-AEE4-EE17E24302D0} = {0C8464B1-CBA2-4724-A28C-84D392981BB9}
		{678C9322-C8D5-44CF-8079-FB322CA749FA} = {0C8464B1-CBA2-4724-A28C-84D392981BB9}
	EndGlobalSection
EndGlobal
